
Microsoft Visual Studio Solution File, Format Version 12.00
Project("{FAE04EC0-301F-11D3-BF4B-00C04F79EFBC}") = "LongestAbecedarian", "LongestAbecedarian\LongestAbecedarian.csproj", "{D251702B-D478-43B1-838C-2B68E82EEA7A}"
EndProject
Project("{FAE04EC0-301F-11D3-BF4B-00C04F79EFBC}") = "SockPairs", "SockPairs\SockPairs.csproj", "{A5AF1E5A-357B-430B-AC5B-E6159577B77D}"
EndProject
Project("{FAE04EC0-301F-11D3-BF4B-00C04F79EFBC}") = "ValidatePassword", "ValidatePassword\ValidatePassword.csproj", "{0A0D3733-B7D9-4D8F-9FDA-8834F08F62B1}"
EndProject
Project("{FAE04EC0-301F-11D3-BF4B-00C04F79EFBC}") = "FiboWord", "FiboWord\FiboWord.csproj", "{823DE96C-22A3-4021-8E6B-B073E0B56392}"
EndProject
Project("{FAE04EC0-301F-11D3-BF4B-00C04F79EFBC}") = "Bomb", "Bomb\Bomb.csproj", "{A61DDF75-EC8D-4F2C-8B40-DC6B86545D0D}"
EndProject
Project("{FAE04EC0-301F-11D3-BF4B-00C04F79EFBC}") = "Brackets", "Brackets\Brackets.csproj", "{5A2FD103-92FC-41CE-901C-FA46859E73D4}"
EndProject
Project("{FAE04EC0-301F-11D3-BF4B-00C04F79EFBC}") = "ConsecutiveLetters", "ConsecutiveLetters\ConsecutiveLetters.csproj", "{AFAC59FE-8B6B-4675-9A80-41D7FB95EEC5}"
EndProject
Project("{FAE04EC0-301F-11D3-BF4B-00C04F79EFBC}") = "HackerSpeak", "HackerSpeak\HackerSpeak.csproj", "{162F98D3-FEFB-43D4-9007-C7E805EF92A9}"
EndProject
Project("{FAE04EC0-301F-11D3-BF4B-00C04F79EFBC}") = "Likes", "Likes\Likes.csproj", "{FE123AD3-701D-4842-9F53-9169EB11276A}"
EndProject
Project("{FAE04EC0-301F-11D3-BF4B-00C04F79EFBC}") = "MonthName", "MonthName\MonthName.csproj", "{864FAD5A-22AB-4D4E-A3C0-713889EE595F}"
EndProject
Project("{FAE04EC0-301F-11D3-BF4B-00C04F79EFBC}") = "Potatoes", "Potatoes\Potatoes.csproj", "{6B5C2E39-C6BE-451A-AD9B-F3A6A3524293}"
EndProject
Project("{FAE04EC0-301F-11D3-BF4B-00C04F79EFBC}") = "ReverseAndNot", "ReverseAndNot\ReverseAndNot.csproj", "{52B53777-1AE6-44DF-BB23-C4D8BA8886DB}"
EndProject
Project("{FAE04EC0-301F-11D3-BF4B-00C04F79EFBC}") = "ReverseCase", "ReverseCase\ReverseCase.csproj", "{42A6530E-5308-47F8-81D9-1B2A75E4357B}"
EndProject
Project("{FAE04EC0-301F-11D3-BF4B-00C04F79EFBC}") = "SquareSquare", "SquareSquare\SquareSquare.csproj", "{9AEA220C-13BE-493B-A631-E4BAED03CFC5}"
EndProject
Project("{2150E333-8FDC-42A3-9474-1A3956D46DE8}") = "tasks-1", "tasks-1", "{2F2561A5-FD1B-438D-9E61-69D2F97B63BE}"
EndProject
Project("{2150E333-8FDC-42A3-9474-1A3956D46DE8}") = "tasks-2", "tasks-2", "{8E52FA08-924D-42DC-918C-65367ADC897C}"
EndProject
Project("{2150E333-8FDC-42A3-9474-1A3956D46DE8}") = "tasks-extra", "tasks-extra", "{DB89EC85-83E3-4210-828E-12A6DA0D6804}"
EndProject
Project("{FAE04EC0-301F-11D3-BF4B-00C04F79EFBC}") = "Сompair", "Сompair\Сompair.csproj", "{4D5FC072-9320-40AC-9EE3-9F21C960EDE9}"
EndProject
Project("{2150E333-8FDC-42A3-9474-1A3956D46DE8}") = "tasks-3-whoWashTheDish", "tasks-3-whoWashTheDish", "{485F4827-9A2A-42D9-AE0C-64918DC0F248}"
EndProject
Project("{FAE04EC0-301F-11D3-BF4B-00C04F79EFBC}") = "randomFromFile", "randomFromFile\randomFromFile.csproj", "{A43A67D1-2CA9-4AF0-A596-8A04FF6E1A15}"
EndProject
Global
	GlobalSection(SolutionConfigurationPlatforms) = preSolution
		Debug|Any CPU = Debug|Any CPU
		Release|Any CPU = Release|Any CPU
	EndGlobalSection
	GlobalSection(ProjectConfigurationPlatforms) = postSolution
		{D251702B-D478-43B1-838C-2B68E82EEA7A}.Debug|Any CPU.ActiveCfg = Debug|Any CPU
		{D251702B-D478-43B1-838C-2B68E82EEA7A}.Debug|Any CPU.Build.0 = Debug|Any CPU
		{D251702B-D478-43B1-838C-2B68E82EEA7A}.Release|Any CPU.ActiveCfg = Release|Any CPU
		{D251702B-D478-43B1-838C-2B68E82EEA7A}.Release|Any CPU.Build.0 = Release|Any CPU
		{A5AF1E5A-357B-430B-AC5B-E6159577B77D}.Debug|Any CPU.ActiveCfg = Debug|Any CPU
		{A5AF1E5A-357B-430B-AC5B-E6159577B77D}.Debug|Any CPU.Build.0 = Debug|Any CPU
		{A5AF1E5A-357B-430B-AC5B-E6159577B77D}.Release|Any CPU.ActiveCfg = Release|Any CPU
		{A5AF1E5A-357B-430B-AC5B-E6159577B77D}.Release|Any CPU.Build.0 = Release|Any CPU
		{0A0D3733-B7D9-4D8F-9FDA-8834F08F62B1}.Debug|Any CPU.ActiveCfg = Debug|Any CPU
		{0A0D3733-B7D9-4D8F-9FDA-8834F08F62B1}.Debug|Any CPU.Build.0 = Debug|Any CPU
		{0A0D3733-B7D9-4D8F-9FDA-8834F08F62B1}.Release|Any CPU.ActiveCfg = Release|Any CPU
		{0A0D3733-B7D9-4D8F-9FDA-8834F08F62B1}.Release|Any CPU.Build.0 = Release|Any CPU
		{823DE96C-22A3-4021-8E6B-B073E0B56392}.Debug|Any CPU.ActiveCfg = Debug|Any CPU
		{823DE96C-22A3-4021-8E6B-B073E0B56392}.Debug|Any CPU.Build.0 = Debug|Any CPU
		{823DE96C-22A3-4021-8E6B-B073E0B56392}.Release|Any CPU.ActiveCfg = Release|Any CPU
		{823DE96C-22A3-4021-8E6B-B073E0B56392}.Release|Any CPU.Build.0 = Release|Any CPU
		{A61DDF75-EC8D-4F2C-8B40-DC6B86545D0D}.Debug|Any CPU.ActiveCfg = Debug|Any CPU
		{A61DDF75-EC8D-4F2C-8B40-DC6B86545D0D}.Debug|Any CPU.Build.0 = Debug|Any CPU
		{A61DDF75-EC8D-4F2C-8B40-DC6B86545D0D}.Release|Any CPU.ActiveCfg = Release|Any CPU
		{A61DDF75-EC8D-4F2C-8B40-DC6B86545D0D}.Release|Any CPU.Build.0 = Release|Any CPU
		{5A2FD103-92FC-41CE-901C-FA46859E73D4}.Debug|Any CPU.ActiveCfg = Debug|Any CPU
		{5A2FD103-92FC-41CE-901C-FA46859E73D4}.Debug|Any CPU.Build.0 = Debug|Any CPU
		{5A2FD103-92FC-41CE-901C-FA46859E73D4}.Release|Any CPU.ActiveCfg = Release|Any CPU
		{5A2FD103-92FC-41CE-901C-FA46859E73D4}.Release|Any CPU.Build.0 = Release|Any CPU
		{AFAC59FE-8B6B-4675-9A80-41D7FB95EEC5}.Debug|Any CPU.ActiveCfg = Debug|Any CPU
		{AFAC59FE-8B6B-4675-9A80-41D7FB95EEC5}.Debug|Any CPU.Build.0 = Debug|Any CPU
		{AFAC59FE-8B6B-4675-9A80-41D7FB95EEC5}.Release|Any CPU.ActiveCfg = Release|Any CPU
		{AFAC59FE-8B6B-4675-9A80-41D7FB95EEC5}.Release|Any CPU.Build.0 = Release|Any CPU
		{162F98D3-FEFB-43D4-9007-C7E805EF92A9}.Debug|Any CPU.ActiveCfg = Debug|Any CPU
		{162F98D3-FEFB-43D4-9007-C7E805EF92A9}.Debug|Any CPU.Build.0 = Debug|Any CPU
		{162F98D3-FEFB-43D4-9007-C7E805EF92A9}.Release|Any CPU.ActiveCfg = Release|Any CPU
		{162F98D3-FEFB-43D4-9007-C7E805EF92A9}.Release|Any CPU.Build.0 = Release|Any CPU
		{FE123AD3-701D-4842-9F53-9169EB11276A}.Debug|Any CPU.ActiveCfg = Debug|Any CPU
		{FE123AD3-701D-4842-9F53-9169EB11276A}.Debug|Any CPU.Build.0 = Debug|Any CPU
		{FE123AD3-701D-4842-9F53-9169EB11276A}.Release|Any CPU.ActiveCfg = Release|Any CPU
		{FE123AD3-701D-4842-9F53-9169EB11276A}.Release|Any CPU.Build.0 = Release|Any CPU
		{864FAD5A-22AB-4D4E-A3C0-713889EE595F}.Debug|Any CPU.ActiveCfg = Debug|Any CPU
		{864FAD5A-22AB-4D4E-A3C0-713889EE595F}.Debug|Any CPU.Build.0 = Debug|Any CPU
		{864FAD5A-22AB-4D4E-A3C0-713889EE595F}.Release|Any CPU.ActiveCfg = Release|Any CPU
		{864FAD5A-22AB-4D4E-A3C0-713889EE595F}.Release|Any CPU.Build.0 = Release|Any CPU
		{6B5C2E39-C6BE-451A-AD9B-F3A6A3524293}.Debug|Any CPU.ActiveCfg = Debug|Any CPU
		{6B5C2E39-C6BE-451A-AD9B-F3A6A3524293}.Debug|Any CPU.Build.0 = Debug|Any CPU
		{6B5C2E39-C6BE-451A-AD9B-F3A6A3524293}.Release|Any CPU.ActiveCfg = Release|Any CPU
		{6B5C2E39-C6BE-451A-AD9B-F3A6A3524293}.Release|Any CPU.Build.0 = Release|Any CPU
		{52B53777-1AE6-44DF-BB23-C4D8BA8886DB}.Debug|Any CPU.ActiveCfg = Debug|Any CPU
		{52B53777-1AE6-44DF-BB23-C4D8BA8886DB}.Debug|Any CPU.Build.0 = Debug|Any CPU
		{52B53777-1AE6-44DF-BB23-C4D8BA8886DB}.Release|Any CPU.ActiveCfg = Release|Any CPU
		{52B53777-1AE6-44DF-BB23-C4D8BA8886DB}.Release|Any CPU.Build.0 = Release|Any CPU
		{42A6530E-5308-47F8-81D9-1B2A75E4357B}.Debug|Any CPU.ActiveCfg = Debug|Any CPU
		{42A6530E-5308-47F8-81D9-1B2A75E4357B}.Debug|Any CPU.Build.0 = Debug|Any CPU
		{42A6530E-5308-47F8-81D9-1B2A75E4357B}.Release|Any CPU.ActiveCfg = Release|Any CPU
		{42A6530E-5308-47F8-81D9-1B2A75E4357B}.Release|Any CPU.Build.0 = Release|Any CPU
		{9AEA220C-13BE-493B-A631-E4BAED03CFC5}.Debug|Any CPU.ActiveCfg = Debug|Any CPU
		{9AEA220C-13BE-493B-A631-E4BAED03CFC5}.Debug|Any CPU.Build.0 = Debug|Any CPU
		{9AEA220C-13BE-493B-A631-E4BAED03CFC5}.Release|Any CPU.ActiveCfg = Release|Any CPU
		{9AEA220C-13BE-493B-A631-E4BAED03CFC5}.Release|Any CPU.Build.0 = Release|Any CPU
		{4D5FC072-9320-40AC-9EE3-9F21C960EDE9}.Debug|Any CPU.ActiveCfg = Debug|Any CPU
		{4D5FC072-9320-40AC-9EE3-9F21C960EDE9}.Debug|Any CPU.Build.0 = Debug|Any CPU
		{4D5FC072-9320-40AC-9EE3-9F21C960EDE9}.Release|Any CPU.ActiveCfg = Release|Any CPU
		{4D5FC072-9320-40AC-9EE3-9F21C960EDE9}.Release|Any CPU.Build.0 = Release|Any CPU
		{A43A67D1-2CA9-4AF0-A596-8A04FF6E1A15}.Debug|Any CPU.ActiveCfg = Debug|Any CPU
		{A43A67D1-2CA9-4AF0-A596-8A04FF6E1A15}.Debug|Any CPU.Build.0 = Debug|Any CPU
		{A43A67D1-2CA9-4AF0-A596-8A04FF6E1A15}.Release|Any CPU.ActiveCfg = Release|Any CPU
		{A43A67D1-2CA9-4AF0-A596-8A04FF6E1A15}.Release|Any CPU.Build.0 = Release|Any CPU
	EndGlobalSection
	GlobalSection(NestedProjects) = preSolution
		{0A0D3733-B7D9-4D8F-9FDA-8834F08F62B1} = {2F2561A5-FD1B-438D-9E61-69D2F97B63BE}
		{A5AF1E5A-357B-430B-AC5B-E6159577B77D} = {2F2561A5-FD1B-438D-9E61-69D2F97B63BE}
		{D251702B-D478-43B1-838C-2B68E82EEA7A} = {2F2561A5-FD1B-438D-9E61-69D2F97B63BE}
		{52B53777-1AE6-44DF-BB23-C4D8BA8886DB} = {2F2561A5-FD1B-438D-9E61-69D2F97B63BE}
		{162F98D3-FEFB-43D4-9007-C7E805EF92A9} = {8E52FA08-924D-42DC-918C-65367ADC897C}
		{864FAD5A-22AB-4D4E-A3C0-713889EE595F} = {8E52FA08-924D-42DC-918C-65367ADC897C}
		{A61DDF75-EC8D-4F2C-8B40-DC6B86545D0D} = {8E52FA08-924D-42DC-918C-65367ADC897C}
		{5A2FD103-92FC-41CE-901C-FA46859E73D4} = {DB89EC85-83E3-4210-828E-12A6DA0D6804}
		{AFAC59FE-8B6B-4675-9A80-41D7FB95EEC5} = {DB89EC85-83E3-4210-828E-12A6DA0D6804}
		{823DE96C-22A3-4021-8E6B-B073E0B56392} = {DB89EC85-83E3-4210-828E-12A6DA0D6804}
		{FE123AD3-701D-4842-9F53-9169EB11276A} = {DB89EC85-83E3-4210-828E-12A6DA0D6804}
		{6B5C2E39-C6BE-451A-AD9B-F3A6A3524293} = {DB89EC85-83E3-4210-828E-12A6DA0D6804}
		{42A6530E-5308-47F8-81D9-1B2A75E4357B} = {DB89EC85-83E3-4210-828E-12A6DA0D6804}
		{9AEA220C-13BE-493B-A631-E4BAED03CFC5} = {DB89EC85-83E3-4210-828E-12A6DA0D6804}
		{4D5FC072-9320-40AC-9EE3-9F21C960EDE9} = {DB89EC85-83E3-4210-828E-12A6DA0D6804}
		{A43A67D1-2CA9-4AF0-A596-8A04FF6E1A15} = {485F4827-9A2A-42D9-AE0C-64918DC0F248}
	EndGlobalSection
EndGlobal
